
Microsoft Visual Studio Solution File, Format Version 12.00
# Visual Studio Version 17
VisualStudioVersion = 17.1.32228.430
MinimumVisualStudioVersion = 10.0.40219.1
Project("{2150E333-8FDC-42A3-9474-1A3956D46DE8}") = "API", "API", "{DF7F159A-9E1F-40DD-9C69-C9670CEBCFC2}"
EndProject
Project("{9A19103F-16F7-4668-BE54-9A1E7A4F7556}") = "Jror.Backend.Libs.API.Abstractions", "Jror.Backend.Libs.API.Abstractions\Jror.Backend.Libs.API.Abstractions.csproj", "{69260F12-77CE-44C2-99CD-A9434B4AB282}"
EndProject
Project("{9A19103F-16F7-4668-BE54-9A1E7A4F7556}") = "Jror.Backend.Libs.Api", "Jror.Backend.Libs.Api\Jror.Backend.Libs.Api.csproj", "{86298232-4EC8-4887-A775-8DA9BD1D7C5E}"
EndProject
Project("{2150E333-8FDC-42A3-9474-1A3956D46DE8}") = "Domain", "Domain", "{4810EDF6-63AA-484D-8DB6-40052A0BFB6D}"
EndProject
Project("{9A19103F-16F7-4668-BE54-9A1E7A4F7556}") = "Jror.Backend.Libs.Domain.Abstractions", "Jror.Backend.Libs.Domain.Abstractions\Jror.Backend.Libs.Domain.Abstractions.csproj", "{A52165F0-FE8D-48E4-AD99-7317F14D7BBF}"
EndProject
Project("{9A19103F-16F7-4668-BE54-9A1E7A4F7556}") = "Jror.Backend.Libs.Domain", "Jror.Backend.Libs.Domain\Jror.Backend.Libs.Domain.csproj", "{07BFB1FE-4269-4744-A9A7-C82B0040BC74}"
EndProject
Project("{9A19103F-16F7-4668-BE54-9A1E7A4F7556}") = "Jror.Backend.Libs.Domain.Core", "Jror.Backend.Libs.Domain.Core\Jror.Backend.Libs.Domain.Core.csproj", "{A9604FBB-ED2E-4131-899E-D802956668E8}"
EndProject
Project("{2150E333-8FDC-42A3-9474-1A3956D46DE8}") = "Framework", "Framework", "{613B7F33-9069-411A-B085-52CDD979D097}"
EndProject
Project("{9A19103F-16F7-4668-BE54-9A1E7A4F7556}") = "Jror.Backend.Libs.Framework", "Jror.Backend.Libs.Framework\Jror.Backend.Libs.Framework.csproj", "{DBEB396B-92CC-4C0E-9D0C-E5F23834C2D7}"
EndProject
Project("{2150E333-8FDC-42A3-9474-1A3956D46DE8}") = "Infrastructure", "Infrastructure", "{E11534E5-820B-4144-A533-15B0810AA851}"
EndProject
Project("{9A19103F-16F7-4668-BE54-9A1E7A4F7556}") = "Jror.Backend.Libs.Infrastructure.MongoDB.Abstractions", "Jror.Backend.Libs.Infrastructure.MongoDB.Abstractions\Jror.Backend.Libs.Infrastructure.MongoDB.Abstractions.csproj", "{FCA02449-F7C3-42FF-9C34-3093AFBEAA1C}"
EndProject
Project("{9A19103F-16F7-4668-BE54-9A1E7A4F7556}") = "Jror.Backend.Libs.Infrastructure.Data.Shared", "Jror.Backend.Libs.Infrastructure.Data.Shared\Jror.Backend.Libs.Infrastructure.Data.Shared.csproj", "{CF907A70-2B48-41A2-B574-12CAC7BCF301}"
EndProject
Project("{9A19103F-16F7-4668-BE54-9A1E7A4F7556}") = "Jror.Backend.Libs.Infrastructure.MongoDB", "Jror.Backend.Libs.Infrastructure.MongoDB\Jror.Backend.Libs.Infrastructure.MongoDB.csproj", "{69966A63-A265-44DF-BDF5-DE48D2F35CB3}"
EndProject
Project("{2150E333-8FDC-42A3-9474-1A3956D46DE8}") = "Messaging", "Messaging", "{EE14B82E-34A7-4F76-816B-63E4252F37D0}"
EndProject
Project("{9A19103F-16F7-4668-BE54-9A1E7A4F7556}") = "Jror.Backend.Libs.Messaging.Abstractions", "Jror.Backend.Libs.Messaging.Abstractions\Jror.Backend.Libs.Messaging.Abstractions.csproj", "{BA43C310-6692-48B2-B9EB-FD7AA424DD23}"
EndProject
Project("{2150E333-8FDC-42A3-9474-1A3956D46DE8}") = "Extensions", "Extensions", "{A48B6887-673D-4A04-8802-50CCE9B46626}"
EndProject
Project("{9A19103F-16F7-4668-BE54-9A1E7A4F7556}") = "Jror.Backend.Libs.Extensions", "Jror.Backend.Libs.Extensions\Jror.Backend.Libs.Extensions.csproj", "{24BC2D26-9967-4DDA-A3E0-0F2502FC74EE}"
EndProject
Project("{2150E333-8FDC-42A3-9474-1A3956D46DE8}") = "Security", "Security", "{A8E6E1EA-C477-40D0-BE4B-C04FEC8D1B9E}"
EndProject
Project("{9A19103F-16F7-4668-BE54-9A1E7A4F7556}") = "Jror.Backend.Libs.Security.Abstractions", "Jror.Backend.Libs.Security.Abstractions\Jror.Backend.Libs.Security.Abstractions.csproj", "{52A25313-20B2-4ACA-9EB2-40329882F83A}"
EndProject
Project("{9A19103F-16F7-4668-BE54-9A1E7A4F7556}") = "Jror.Backend.Libs.Security", "Jror.Backend.Libs.Security\Jror.Backend.Libs.Security.csproj", "{4356A548-78F5-47F6-A4B1-1A71E38DE58D}"
EndProject
Project("{9A19103F-16F7-4668-BE54-9A1E7A4F7556}") = "Jror.Backend.Libs.Domain.Tests", "Jror.Backend.Libs.Domain.Tests\Jror.Backend.Libs.Domain.Tests.csproj", "{529C39F1-0B1B-4F2B-AABC-FFC22A252946}"
EndProject
Project("{9A19103F-16F7-4668-BE54-9A1E7A4F7556}") = "Jror.Backend.Libs.Infrastructure.MongoDB.Tests", "Jror.Backend.Libs.Infrastructure.MongoDB.Tests\Jror.Backend.Libs.Infrastructure.MongoDB.Tests.csproj", "{D2DDA28C-EA5F-40D4-8DBE-276371BD3B2A}"
EndProject
Project("{9A19103F-16F7-4668-BE54-9A1E7A4F7556}") = "Jror.Backend.Libs.Messaging.Abstractions.Tests", "Jror.Backend.Libs.Messaging.Abstractions.Tests\Jror.Backend.Libs.Messaging.Abstractions.Tests.csproj", "{F309285C-4C1C-4854-A60A-DD45593C4434}"
EndProject
Project("{9A19103F-16F7-4668-BE54-9A1E7A4F7556}") = "Jror.Backend.Libs.Framework.Tests", "Jror.Backend.Libs.Framework.Tests\Jror.Backend.Libs.Framework.Tests.csproj", "{330951C8-7CF4-4899-A17A-F65133765C72}"
EndProject
Project("{9A19103F-16F7-4668-BE54-9A1E7A4F7556}") = "Jror.Backend.Libs.Extensions.Tests", "Jror.Backend.Libs.Extensions.Tests\Jror.Backend.Libs.Extensions.Tests.csproj", "{400B3B1B-7911-4E3A-9535-0C211B6A32A9}"
EndProject
Project("{9A19103F-16F7-4668-BE54-9A1E7A4F7556}") = "Jror.Backend.Libs.Infrastructure.EntityFramework", "Jror.Backend.Libs.Infrastructure.EntityFramework\Jror.Backend.Libs.Infrastructure.EntityFramework.csproj", "{1088A5D3-42FB-47C7-9D10-8F6F7ECADD0D}"
EndProject
Project("{9A19103F-16F7-4668-BE54-9A1E7A4F7556}") = "Jror.Backend.Libs.Infrastructure.EntityFramework.Tests", "Jror.Backend.Libs.Infrastructure.EntityFramework.Tests\Jror.Backend.Libs.Infrastructure.EntityFramework.Tests.csproj", "{2D4D1EE8-BB97-4C4B-9024-5310442F6EEB}"
EndProject
Project("{FAE04EC0-301F-11D3-BF4B-00C04F79EFBC}") = "Jror.Backend.Libs.Security.Tests", "Jror.Backend.Libs.Security.Tests\Jror.Backend.Libs.Security.Tests.csproj", "{9178A974-BE85-4EBB-BC51-44A120ACF985}"
EndProject
Global
	GlobalSection(SolutionConfigurationPlatforms) = preSolution
		Debug|Any CPU = Debug|Any CPU
		Release|Any CPU = Release|Any CPU
	EndGlobalSection
	GlobalSection(ProjectConfigurationPlatforms) = postSolution
		{69260F12-77CE-44C2-99CD-A9434B4AB282}.Debug|Any CPU.ActiveCfg = Debug|Any CPU
		{69260F12-77CE-44C2-99CD-A9434B4AB282}.Debug|Any CPU.Build.0 = Debug|Any CPU
		{69260F12-77CE-44C2-99CD-A9434B4AB282}.Release|Any CPU.ActiveCfg = Release|Any CPU
		{69260F12-77CE-44C2-99CD-A9434B4AB282}.Release|Any CPU.Build.0 = Release|Any CPU
		{86298232-4EC8-4887-A775-8DA9BD1D7C5E}.Debug|Any CPU.ActiveCfg = Debug|Any CPU
		{86298232-4EC8-4887-A775-8DA9BD1D7C5E}.Debug|Any CPU.Build.0 = Debug|Any CPU
		{86298232-4EC8-4887-A775-8DA9BD1D7C5E}.Release|Any CPU.ActiveCfg = Release|Any CPU
		{86298232-4EC8-4887-A775-8DA9BD1D7C5E}.Release|Any CPU.Build.0 = Release|Any CPU
		{A52165F0-FE8D-48E4-AD99-7317F14D7BBF}.Debug|Any CPU.ActiveCfg = Debug|Any CPU
		{A52165F0-FE8D-48E4-AD99-7317F14D7BBF}.Debug|Any CPU.Build.0 = Debug|Any CPU
		{A52165F0-FE8D-48E4-AD99-7317F14D7BBF}.Release|Any CPU.ActiveCfg = Release|Any CPU
		{A52165F0-FE8D-48E4-AD99-7317F14D7BBF}.Release|Any CPU.Build.0 = Release|Any CPU
		{07BFB1FE-4269-4744-A9A7-C82B0040BC74}.Debug|Any CPU.ActiveCfg = Debug|Any CPU
		{07BFB1FE-4269-4744-A9A7-C82B0040BC74}.Debug|Any CPU.Build.0 = Debug|Any CPU
		{07BFB1FE-4269-4744-A9A7-C82B0040BC74}.Release|Any CPU.ActiveCfg = Release|Any CPU
		{07BFB1FE-4269-4744-A9A7-C82B0040BC74}.Release|Any CPU.Build.0 = Release|Any CPU
		{A9604FBB-ED2E-4131-899E-D802956668E8}.Debug|Any CPU.ActiveCfg = Debug|Any CPU
		{A9604FBB-ED2E-4131-899E-D802956668E8}.Debug|Any CPU.Build.0 = Debug|Any CPU
		{A9604FBB-ED2E-4131-899E-D802956668E8}.Release|Any CPU.ActiveCfg = Release|Any CPU
		{A9604FBB-ED2E-4131-899E-D802956668E8}.Release|Any CPU.Build.0 = Release|Any CPU
		{DBEB396B-92CC-4C0E-9D0C-E5F23834C2D7}.Debug|Any CPU.ActiveCfg = Debug|Any CPU
		{DBEB396B-92CC-4C0E-9D0C-E5F23834C2D7}.Debug|Any CPU.Build.0 = Debug|Any CPU
		{DBEB396B-92CC-4C0E-9D0C-E5F23834C2D7}.Release|Any CPU.ActiveCfg = Release|Any CPU
		{DBEB396B-92CC-4C0E-9D0C-E5F23834C2D7}.Release|Any CPU.Build.0 = Release|Any CPU
		{FCA02449-F7C3-42FF-9C34-3093AFBEAA1C}.Debug|Any CPU.ActiveCfg = Debug|Any CPU
		{FCA02449-F7C3-42FF-9C34-3093AFBEAA1C}.Debug|Any CPU.Build.0 = Debug|Any CPU
		{FCA02449-F7C3-42FF-9C34-3093AFBEAA1C}.Release|Any CPU.ActiveCfg = Release|Any CPU
		{FCA02449-F7C3-42FF-9C34-3093AFBEAA1C}.Release|Any CPU.Build.0 = Release|Any CPU
		{CF907A70-2B48-41A2-B574-12CAC7BCF301}.Debug|Any CPU.ActiveCfg = Debug|Any CPU
		{CF907A70-2B48-41A2-B574-12CAC7BCF301}.Debug|Any CPU.Build.0 = Debug|Any CPU
		{CF907A70-2B48-41A2-B574-12CAC7BCF301}.Release|Any CPU.ActiveCfg = Release|Any CPU
		{CF907A70-2B48-41A2-B574-12CAC7BCF301}.Release|Any CPU.Build.0 = Release|Any CPU
		{69966A63-A265-44DF-BDF5-DE48D2F35CB3}.Debug|Any CPU.ActiveCfg = Debug|Any CPU
		{69966A63-A265-44DF-BDF5-DE48D2F35CB3}.Debug|Any CPU.Build.0 = Debug|Any CPU
		{69966A63-A265-44DF-BDF5-DE48D2F35CB3}.Release|Any CPU.ActiveCfg = Release|Any CPU
		{69966A63-A265-44DF-BDF5-DE48D2F35CB3}.Release|Any CPU.Build.0 = Release|Any CPU
		{BA43C310-6692-48B2-B9EB-FD7AA424DD23}.Debug|Any CPU.ActiveCfg = Debug|Any CPU
		{BA43C310-6692-48B2-B9EB-FD7AA424DD23}.Debug|Any CPU.Build.0 = Debug|Any CPU
		{BA43C310-6692-48B2-B9EB-FD7AA424DD23}.Release|Any CPU.ActiveCfg = Release|Any CPU
		{BA43C310-6692-48B2-B9EB-FD7AA424DD23}.Release|Any CPU.Build.0 = Release|Any CPU
		{24BC2D26-9967-4DDA-A3E0-0F2502FC74EE}.Debug|Any CPU.ActiveCfg = Debug|Any CPU
		{24BC2D26-9967-4DDA-A3E0-0F2502FC74EE}.Debug|Any CPU.Build.0 = Debug|Any CPU
		{24BC2D26-9967-4DDA-A3E0-0F2502FC74EE}.Release|Any CPU.ActiveCfg = Release|Any CPU
		{24BC2D26-9967-4DDA-A3E0-0F2502FC74EE}.Release|Any CPU.Build.0 = Release|Any CPU
		{52A25313-20B2-4ACA-9EB2-40329882F83A}.Debug|Any CPU.ActiveCfg = Debug|Any CPU
		{52A25313-20B2-4ACA-9EB2-40329882F83A}.Debug|Any CPU.Build.0 = Debug|Any CPU
		{52A25313-20B2-4ACA-9EB2-40329882F83A}.Release|Any CPU.ActiveCfg = Release|Any CPU
		{52A25313-20B2-4ACA-9EB2-40329882F83A}.Release|Any CPU.Build.0 = Release|Any CPU
		{4356A548-78F5-47F6-A4B1-1A71E38DE58D}.Debug|Any CPU.ActiveCfg = Debug|Any CPU
		{4356A548-78F5-47F6-A4B1-1A71E38DE58D}.Debug|Any CPU.Build.0 = Debug|Any CPU
		{4356A548-78F5-47F6-A4B1-1A71E38DE58D}.Release|Any CPU.ActiveCfg = Release|Any CPU
		{4356A548-78F5-47F6-A4B1-1A71E38DE58D}.Release|Any CPU.Build.0 = Release|Any CPU
		{529C39F1-0B1B-4F2B-AABC-FFC22A252946}.Debug|Any CPU.ActiveCfg = Debug|Any CPU
		{529C39F1-0B1B-4F2B-AABC-FFC22A252946}.Debug|Any CPU.Build.0 = Debug|Any CPU
		{529C39F1-0B1B-4F2B-AABC-FFC22A252946}.Release|Any CPU.ActiveCfg = Release|Any CPU
		{529C39F1-0B1B-4F2B-AABC-FFC22A252946}.Release|Any CPU.Build.0 = Release|Any CPU
		{D2DDA28C-EA5F-40D4-8DBE-276371BD3B2A}.Debug|Any CPU.ActiveCfg = Debug|Any CPU
		{D2DDA28C-EA5F-40D4-8DBE-276371BD3B2A}.Debug|Any CPU.Build.0 = Debug|Any CPU
		{D2DDA28C-EA5F-40D4-8DBE-276371BD3B2A}.Release|Any CPU.ActiveCfg = Release|Any CPU
		{D2DDA28C-EA5F-40D4-8DBE-276371BD3B2A}.Release|Any CPU.Build.0 = Release|Any CPU
		{F309285C-4C1C-4854-A60A-DD45593C4434}.Debug|Any CPU.ActiveCfg = Debug|Any CPU
		{F309285C-4C1C-4854-A60A-DD45593C4434}.Debug|Any CPU.Build.0 = Debug|Any CPU
		{F309285C-4C1C-4854-A60A-DD45593C4434}.Release|Any CPU.ActiveCfg = Release|Any CPU
		{F309285C-4C1C-4854-A60A-DD45593C4434}.Release|Any CPU.Build.0 = Release|Any CPU
		{330951C8-7CF4-4899-A17A-F65133765C72}.Debug|Any CPU.ActiveCfg = Debug|Any CPU
		{330951C8-7CF4-4899-A17A-F65133765C72}.Debug|Any CPU.Build.0 = Debug|Any CPU
		{330951C8-7CF4-4899-A17A-F65133765C72}.Release|Any CPU.ActiveCfg = Release|Any CPU
		{330951C8-7CF4-4899-A17A-F65133765C72}.Release|Any CPU.Build.0 = Release|Any CPU
		{400B3B1B-7911-4E3A-9535-0C211B6A32A9}.Debug|Any CPU.ActiveCfg = Debug|Any CPU
		{400B3B1B-7911-4E3A-9535-0C211B6A32A9}.Debug|Any CPU.Build.0 = Debug|Any CPU
		{400B3B1B-7911-4E3A-9535-0C211B6A32A9}.Release|Any CPU.ActiveCfg = Release|Any CPU
		{400B3B1B-7911-4E3A-9535-0C211B6A32A9}.Release|Any CPU.Build.0 = Release|Any CPU
		{1088A5D3-42FB-47C7-9D10-8F6F7ECADD0D}.Debug|Any CPU.ActiveCfg = Debug|Any CPU
		{1088A5D3-42FB-47C7-9D10-8F6F7ECADD0D}.Debug|Any CPU.Build.0 = Debug|Any CPU
		{1088A5D3-42FB-47C7-9D10-8F6F7ECADD0D}.Release|Any CPU.ActiveCfg = Release|Any CPU
		{1088A5D3-42FB-47C7-9D10-8F6F7ECADD0D}.Release|Any CPU.Build.0 = Release|Any CPU
		{2D4D1EE8-BB97-4C4B-9024-5310442F6EEB}.Debug|Any CPU.ActiveCfg = Debug|Any CPU
		{2D4D1EE8-BB97-4C4B-9024-5310442F6EEB}.Debug|Any CPU.Build.0 = Debug|Any CPU
		{2D4D1EE8-BB97-4C4B-9024-5310442F6EEB}.Release|Any CPU.ActiveCfg = Release|Any CPU
		{2D4D1EE8-BB97-4C4B-9024-5310442F6EEB}.Release|Any CPU.Build.0 = Release|Any CPU
		{9178A974-BE85-4EBB-BC51-44A120ACF985}.Debug|Any CPU.ActiveCfg = Debug|Any CPU
		{9178A974-BE85-4EBB-BC51-44A120ACF985}.Debug|Any CPU.Build.0 = Debug|Any CPU
		{9178A974-BE85-4EBB-BC51-44A120ACF985}.Release|Any CPU.ActiveCfg = Release|Any CPU
		{9178A974-BE85-4EBB-BC51-44A120ACF985}.Release|Any CPU.Build.0 = Release|Any CPU
	EndGlobalSection
	GlobalSection(SolutionProperties) = preSolution
		HideSolutionNode = FALSE
	EndGlobalSection
	GlobalSection(NestedProjects) = preSolution
		{69260F12-77CE-44C2-99CD-A9434B4AB282} = {DF7F159A-9E1F-40DD-9C69-C9670CEBCFC2}
		{86298232-4EC8-4887-A775-8DA9BD1D7C5E} = {DF7F159A-9E1F-40DD-9C69-C9670CEBCFC2}
		{A52165F0-FE8D-48E4-AD99-7317F14D7BBF} = {4810EDF6-63AA-484D-8DB6-40052A0BFB6D}
		{07BFB1FE-4269-4744-A9A7-C82B0040BC74} = {4810EDF6-63AA-484D-8DB6-40052A0BFB6D}
		{A9604FBB-ED2E-4131-899E-D802956668E8} = {4810EDF6-63AA-484D-8DB6-40052A0BFB6D}
		{DBEB396B-92CC-4C0E-9D0C-E5F23834C2D7} = {613B7F33-9069-411A-B085-52CDD979D097}
		{FCA02449-F7C3-42FF-9C34-3093AFBEAA1C} = {E11534E5-820B-4144-A533-15B0810AA851}
		{CF907A70-2B48-41A2-B574-12CAC7BCF301} = {E11534E5-820B-4144-A533-15B0810AA851}
		{69966A63-A265-44DF-BDF5-DE48D2F35CB3} = {E11534E5-820B-4144-A533-15B0810AA851}
		{BA43C310-6692-48B2-B9EB-FD7AA424DD23} = {EE14B82E-34A7-4F76-816B-63E4252F37D0}
		{24BC2D26-9967-4DDA-A3E0-0F2502FC74EE} = {A48B6887-673D-4A04-8802-50CCE9B46626}
		{52A25313-20B2-4ACA-9EB2-40329882F83A} = {A8E6E1EA-C477-40D0-BE4B-C04FEC8D1B9E}
		{4356A548-78F5-47F6-A4B1-1A71E38DE58D} = {A8E6E1EA-C477-40D0-BE4B-C04FEC8D1B9E}
		{529C39F1-0B1B-4F2B-AABC-FFC22A252946} = {4810EDF6-63AA-484D-8DB6-40052A0BFB6D}
		{D2DDA28C-EA5F-40D4-8DBE-276371BD3B2A} = {E11534E5-820B-4144-A533-15B0810AA851}
		{F309285C-4C1C-4854-A60A-DD45593C4434} = {EE14B82E-34A7-4F76-816B-63E4252F37D0}
		{330951C8-7CF4-4899-A17A-F65133765C72} = {613B7F33-9069-411A-B085-52CDD979D097}
		{400B3B1B-7911-4E3A-9535-0C211B6A32A9} = {A48B6887-673D-4A04-8802-50CCE9B46626}
		{1088A5D3-42FB-47C7-9D10-8F6F7ECADD0D} = {E11534E5-820B-4144-A533-15B0810AA851}
		{2D4D1EE8-BB97-4C4B-9024-5310442F6EEB} = {E11534E5-820B-4144-A533-15B0810AA851}
		{9178A974-BE85-4EBB-BC51-44A120ACF985} = {A8E6E1EA-C477-40D0-BE4B-C04FEC8D1B9E}
	EndGlobalSection
	GlobalSection(ExtensibilityGlobals) = postSolution
		SolutionGuid = {8FA74BA9-7ADA-49CE-9823-DCEEA8E546E1}
	EndGlobalSection
EndGlobal
